Microsoft Visual Studio Solution File, Format Version 11.00
# Visual Studio 2010
Project("{2150E333-8FDC-42A3-9474-1A3956D46DE8}") = "Desktop", "Desktop", "{D88496A8-597C-4383-808B-6DFA83DF1832}"
EndProject
Project("{2150E333-8FDC-42A3-9474-1A3956D46DE8}") = "Unit Tests", "Unit Tests", "{FF2704D3-3B9F-41A3-A86F-E32C5900CD25}"
EndProject
Project("{2150E333-8FDC-42A3-9474-1A3956D46DE8}") = "_ClinSchd Common", "_ClinSchd Common", "{AA6791F0-2989-4626-8981-F8935F6D501E}"
EndProject
Project("{2150E333-8FDC-42A3-9474-1A3956D46DE8}") = "Modules", "Modules", "{0A8F9AA8-7336-4DA1-8C98-D91A6730AA0E}"
EndProject
Project("{FAE04EC0-301F-11D3-BF4B-00C04F79EFBC}") = "ClinSchd", "ClinSchd\Desktop\ClinSchd\ClinSchd.csproj", "{3487B9D4-AFAB-4E82-A0F6-2BEE3C013BBB}"
EndProject
Project("{FAE04EC0-301F-11D3-BF4B-00C04F79EFBC}") = "ClinSchd.Infrastructure", "ClinSchd\Desktop\ClinSchd.Infrastructure\ClinSchd.Infrastructure.csproj", "{0A123C1B-F316-447D-99A5-44CCF8023683}"
EndProject
Project("{FAE04EC0-301F-11D3-BF4B-00C04F79EFBC}") = "ClinSchd.Infrastructure.Tests", "ClinSchd\Desktop\ClinSchd.Infrastructure.Tests\ClinSchd.Infrastructure.Tests.csproj", "{51B1879C-B50F-444E-BCB6-2A103C24E4ED}"
EndProject
Project("{FAE04EC0-301F-11D3-BF4B-00C04F79EFBC}") = "ClinSchd.Modules.Ribbon", "ClinSchd\Desktop\ClinSchd.Modules.Ribbon\ClinSchd.Modules.Ribbon.csproj", "{505B10AF-39D1-40EE-A91E-2B2A0D5A8294}"
EndProject
Project("{FAE04EC0-301F-11D3-BF4B-00C04F79EFBC}") = "ClinSchd.Modules.Ribbon.Tests", "ClinSchd\Desktop\ClinSchd.Modules.Ribbon.Tests\ClinSchd.Modules.Ribbon.Tests.csproj", "{4B06AAD7-105D-4A80-8CD7-C2490C77009C}"
EndProject
Project("{FAE04EC0-301F-11D3-BF4B-00C04F79EFBC}") = "ClinSchd.Modules.Navigation", "ClinSchd\Desktop\ClinSchd.Modules.Navigation\ClinSchd.Modules.Navigation.csproj", "{10AA95D2-FE69-45FA-83CB-303DEDBC7F52}"
EndProject
Project("{FAE04EC0-301F-11D3-BF4B-00C04F79EFBC}") = "ClinSchd.Modules.Navigation.Tests", "ClinSchd\Desktop\ClinSchd.Modules.Navigation.Tests\ClinSchd.Modules.Navigation.Tests.csproj", "{F0CF1747-C114-48B5-B0BA-D776AA8675A9}"
EndProject
Project("{FAE04EC0-301F-11D3-BF4B-00C04F79EFBC}") = "ClinSchd.Modules.Management", "ClinSchd\Desktop\ClinSchd.Modules.Management\ClinSchd.Modules.Management.csproj", "{FF837E3F-9BC9-4FDA-B702-41F4F0DB123F}"
EndProject
Project("{FAE04EC0-301F-11D3-BF4B-00C04F79EFBC}") = "ClinSchd.Modules.Management.Tests", "ClinSchd\Desktop\ClinSchd.Modules.Management.Tests\ClinSchd.Modules.Management.Tests.csproj", "{0F33D1B9-6A62-414F-AD05-21455CC213D9}"
EndProject
Project("{FAE04EC0-301F-11D3-BF4B-00C04F79EFBC}") = "ClinSchd.Modules.Task", "ClinSchd\Desktop\ClinSchd.Modules.Task\ClinSchd.Modules.Task.csproj", "{D1902B8D-CACF-46CA-A33B-BD47E7BA16E4}"
EndProject
Project("{FAE04EC0-301F-11D3-BF4B-00C04F79EFBC}") = "ClinSchd.Modules.Task.Tests", "ClinSchd\Desktop\ClinSchd.Modules.Task.Tests\ClinSchd.Modules.Task.Tests.csproj", "{55FEC19B-D719-46D4-9EBF-1B84795BDD98}"
EndProject
Project("{FAE04EC0-301F-11D3-BF4B-00C04F79EFBC}") = "ClinSchd.Modules.ResourceSelection", "ClinSchd\Desktop\ClinSchd.Modules.ResourceSelection\ClinSchd.Modules.ResourceSelection.csproj", "{BCE0737E-25B4-4A42-BE35-5C966D4E4BFE}"
EndProject
Project("{FAE04EC0-301F-11D3-BF4B-00C04F79EFBC}") = "ClinSchd.Modules.ResourceSelection.Tests", "ClinSchd\Desktop\ClinSchd.Modules.ResourceSelection.Tests\ClinSchd.Modules.ResourceSelection.Tests.csproj", "{852718ED-93F2-4774-A367-A085D75ACC59}"
EndProject
Project("{FAE04EC0-301F-11D3-BF4B-00C04F79EFBC}") = "ClinSchd.Modules.DataAccess", "ClinSchd\Desktop\ClinSchd.Modules.DataAccess\ClinSchd.Modules.DataAccess.csproj", "{273EC0CB-660C-4EA9-80A7-89110B0F6DBB}"
EndProject
Project("{FAE04EC0-301F-11D3-BF4B-00C04F79EFBC}") = "ClinSchd.Modules.DataAccess.Tests", "ClinSchd\Desktop\ClinSchd.Modules.DataAccess.Tests\ClinSchd.Modules.DataAccess.Tests.csproj", "{33114224-B72A-4A47-B567-AC479A5D0A37}"
EndProject
Project("{FAE04EC0-301F-11D3-BF4B-00C04F79EFBC}") = "ClinSchd.Modules.PatientSelection.Tests", "ClinSchd\Desktop\ClinSchd.Modules.PatientSelection.Tests\ClinSchd.Modules.PatientSelection.Tests.csproj", "{3110E0E2-4AC2-47AC-A874-739715DDD3F1}"
EndProject
Project("{FAE04EC0-301F-11D3-BF4B-00C04F79EFBC}") = "ClinSchd.Modules.PatientSelection", "ClinSchd\Desktop\ClinSchd.Modules.PatientSelection\ClinSchd.Modules.PatientSelection.csproj", "{2CE195F6-B047-42BA-AA83-F9AC0C737E41}"
EndProject
Project("{FAE04EC0-301F-11D3-BF4B-00C04F79EFBC}") = "ClinSchd.Modules.PatientAppt", "ClinSchd\Desktop\ClinSchd.Modules.PatientAppt\ClinSchd.Modules.PatientAppt.csproj", "{11426855-0140-4BE4-B3B7-A84B2E612568}"
EndProject
Project("{FAE04EC0-301F-11D3-BF4B-00C04F79EFBC}") = "ClinSchd.Modules.PatientAppt.Tests", "ClinSchd\Desktop\ClinSchd.Modules.PatientAppt.Tests\ClinSchd.Modules.PatientAppt.Tests.csproj", "{67D3F49C-0834-4A5D-A790-85C6D3F5F57D}"
EndProject
Project("{FAE04EC0-301F-11D3-BF4B-00C04F79EFBC}") = "ClinSchd.Modules.ChangeDivision", "ClinSchd\Desktop\ClinSchd.Modules.ChangeDivision\ClinSchd.Modules.ChangeDivision.csproj", "{E64A5916-1736-4BEE-BE23-553CE6C48D3F}"
EndProject
Project("{FAE04EC0-301F-11D3-BF4B-00C04F79EFBC}") = "ClinSchd.Modules.CheckIn", "ClinSchd\Desktop\ClinSchd.Modules.CheckIn\ClinSchd.Modules.CheckIn.csproj", "{08CF8608-BB0C-4D93-9031-7493AF78BC9E}"
EndProject
Project("{FAE04EC0-301F-11D3-BF4B-00C04F79EFBC}") = "ClinSchd.Modules.MarkAsNoShow.Tests", "ClinSchd\Desktop\ClinSchd.Modules.MarkAsNoShow.Tests\ClinSchd.Modules.MarkAsNoShow.Tests.csproj", "{B882FC58-A1C7-412D-A0CD-68FF7FDC7010}"
EndProject
Project("{FAE04EC0-301F-11D3-BF4B-00C04F79EFBC}") = "ClinSchd.Modules.MarkAsNoShow", "ClinSchd\Desktop\ClinSchd.Modules.MarkAsNoShow\ClinSchd.Modules.MarkAsNoShow.csproj", "{484B7609-6261-4125-9132-470F3BB84495}"
EndProject
Project("{FAE04EC0-301F-11D3-BF4B-00C04F79EFBC}") = "ClinSchd.Modules.CheckIn.Tests", "ClinSchd\Desktop\ClinSchd.Modules.CheckIn.Tests\ClinSchd.Modules.CheckIn.Tests.csproj", "{D16F3B7C-5279-46E2-B5CB-D66A47D4275A}"
EndProject
Project("{FAE04EC0-301F-11D3-BF4B-00C04F79EFBC}") = "ClinSchd.Modules.CheckOut", "ClinSchd\Desktop\ClinSchd.Modules.CheckOut\ClinSchd.Modules.CheckOut.csproj", "{92CC735B-2A23-4616-8AFE-7425A52742E0}"
EndProject
Project("{FAE04EC0-301F-11D3-BF4B-00C04F79EFBC}") = "ClinSchd.Modules.CheckOut.Tests", "ClinSchd\Desktop\ClinSchd.Modules.CheckOut.Tests\ClinSchd.Modules.CheckOut.Tests.csproj", "{BC5981D5-8062-405F-AC84-A8C1E3332EA8}"
EndProject
Project("{FAE04EC0-301F-11D3-BF4B-00C04F79EFBC}") = "ClinSchd.Modules.CancelAppt", "ClinSchd\Desktop\ClinSchd.Modules.CancelAppt\ClinSchd.Modules.CancelAppt.csproj", "{EC5B4AE0-79D7-4797-8221-49D375E18341}"
EndProject
Project("{FAE04EC0-301F-11D3-BF4B-00C04F79EFBC}") = "ClinSchd.Modules.CancelAppt.Tests", "ClinSchd\Desktop\ClinSchd.Modules.CancelAppt.Tests\ClinSchd.Modules.CancelAppt.Tests.csproj", "{3F45B49A-F9FE-4815-943D-A1F821A72BDB}"
EndProject
Project("{FAE04EC0-301F-11D3-BF4B-00C04F79EFBC}") = "ClinSchd.Modules.FindAppt.Tests", "ClinSchd\Desktop\ClinSchd.Modules.FindAppt.Tests\ClinSchd.Modules.FindAppt.Tests.csproj", "{C7C5B32B-D8E1-425D-80A2-8BFD669095A2}"
EndProject
Project("{FAE04EC0-301F-11D3-BF4B-00C04F79EFBC}") = "ClinSchd.Modules.FindAppt", "ClinSchd\Desktop\ClinSchd.Modules.FindAppt\ClinSchd.Modules.FindAppt.csproj", "{83A604A7-7379-48A5-BF77-E8BF8715EB91}"
EndProject
Project("{54435603-DBB4-11D2-8724-00A0C9A8B90C}") = "ClinSchedInstaller", "ClinSchedInstaller\ClinSchedInstaller.vdproj", "{2A620A7C-AAD2-4B42-87BA-F0A2474B89D6}"
EndProject
Project("{FAE04EC0-301F-11D3-BF4B-00C04F79EFBC}") = "CreateWebServices", "CreateWebServices\CreateWebServices\CreateWebServices.csproj", "{A56CB0C0-5175-4A26-BE3E-D386541BF459}"
EndProject
Project("{FAE04EC0-301F-11D3-BF4B-00C04F79EFBC}") = "InstallerCustomActions", "InstallerCustomActions\InstallerCustomActions.csproj", "{FB1BA753-81DD-4582-9C6D-448EDBCAC3B6}"
EndProject
Project("{FAE04EC0-301F-11D3-BF4B-00C04F79EFBC}") = "ClinSchd.Modules.Reports", "ClinSchd\Desktop\ClinSchd.Modules.Reports\ClinSchd.Modules.Reports.csproj", "{E8605236-8D53-4AF5-921C-E0818B867812}"
EndProject
Project("{FAE04EC0-301F-11D3-BF4B-00C04F79EFBC}") = "ClinSchd.Modules.UserLogin", "ClinSchd\Desktop\ClinSchd.Modules.UserLogin\ClinSchd.Modules.UserLogin.csproj", "{924C4F21-861C-4923-820E-F7E651E93F9E}"
EndProject
Global
	GlobalSection(SolutionConfigurationPlatforms) = preSolution
		Debug|Any CPU = Debug|Any CPU
		Release|Any CPU = Release|Any CPU
		ReleaseTrial|Any CPU = ReleaseTrial|Any CPU
	EndGlobalSection
	GlobalSection(ProjectConfigurationPlatforms) = postSolution
		{3487B9D4-AFAB-4E82-A0F6-2BEE3C013BBB}.Debug|Any CPU.ActiveCfg = Debug|Any CPU
		{3487B9D4-AFAB-4E82-A0F6-2BEE3C013BBB}.Debug|Any CPU.Build.0 = Debug|Any CPU
		{3487B9D4-AFAB-4E82-A0F6-2BEE3C013BBB}.Release|Any CPU.ActiveCfg = Release|Any CPU
		{3487B9D4-AFAB-4E82-A0F6-2BEE3C013BBB}.Release|Any CPU.Build.0 = Release|Any CPU
		{3487B9D4-AFAB-4E82-A0F6-2BEE3C013BBB}.ReleaseTrial|Any CPU.ActiveCfg = Release|Any CPU
		{3487B9D4-AFAB-4E82-A0F6-2BEE3C013BBB}.ReleaseTrial|Any CPU.Build.0 = Release|Any CPU
		{0A123C1B-F316-447D-99A5-44CCF8023683}.Debug|Any CPU.ActiveCfg = Debug|Any CPU
		{0A123C1B-F316-447D-99A5-44CCF8023683}.Debug|Any CPU.Build.0 = Debug|Any CPU
		{0A123C1B-F316-447D-99A5-44CCF8023683}.Release|Any CPU.ActiveCfg = Release|Any CPU
		{0A123C1B-F316-447D-99A5-44CCF8023683}.Release|Any CPU.Build.0 = Release|Any CPU
		{0A123C1B-F316-447D-99A5-44CCF8023683}.ReleaseTrial|Any CPU.ActiveCfg = Release|Any CPU
		{0A123C1B-F316-447D-99A5-44CCF8023683}.ReleaseTrial|Any CPU.Build.0 = Release|Any CPU
		{51B1879C-B50F-444E-BCB6-2A103C24E4ED}.Debug|Any CPU.ActiveCfg = Debug|Any CPU
		{51B1879C-B50F-444E-BCB6-2A103C24E4ED}.Release|Any CPU.ActiveCfg = Release|Any CPU
		{51B1879C-B50F-444E-BCB6-2A103C24E4ED}.ReleaseTrial|Any CPU.ActiveCfg = Release|Any CPU
		{51B1879C-B50F-444E-BCB6-2A103C24E4ED}.ReleaseTrial|Any CPU.Build.0 = Release|Any CPU
		{505B10AF-39D1-40EE-A91E-2B2A0D5A8294}.Debug|Any CPU.ActiveCfg = Debug|Any CPU
		{505B10AF-39D1-40EE-A91E-2B2A0D5A8294}.Debug|Any CPU.Build.0 = Debug|Any CPU
		{505B10AF-39D1-40EE-A91E-2B2A0D5A8294}.Release|Any CPU.ActiveCfg = Release|Any CPU
		{505B10AF-39D1-40EE-A91E-2B2A0D5A8294}.Release|Any CPU.Build.0 = Release|Any CPU
		{505B10AF-39D1-40EE-A91E-2B2A0D5A8294}.ReleaseTrial|Any CPU.ActiveCfg = Release|Any CPU
		{505B10AF-39D1-40EE-A91E-2B2A0D5A8294}.ReleaseTrial|Any CPU.Build.0 = Release|Any CPU
		{4B06AAD7-105D-4A80-8CD7-C2490C77009C}.Debug|Any CPU.ActiveCfg = Debug|Any CPU
		{4B06AAD7-105D-4A80-8CD7-C2490C77009C}.Release|Any CPU.ActiveCfg = Release|Any CPU
		{4B06AAD7-105D-4A80-8CD7-C2490C77009C}.ReleaseTrial|Any CPU.ActiveCfg = Release|Any CPU
		{4B06AAD7-105D-4A80-8CD7-C2490C77009C}.ReleaseTrial|Any CPU.Build.0 = Release|Any CPU
		{10AA95D2-FE69-45FA-83CB-303DEDBC7F52}.Debug|Any CPU.ActiveCfg = Debug|Any CPU
		{10AA95D2-FE69-45FA-83CB-303DEDBC7F52}.Debug|Any CPU.Build.0 = Debug|Any CPU
		{10AA95D2-FE69-45FA-83CB-303DEDBC7F52}.Release|Any CPU.ActiveCfg = Release|Any CPU
		{10AA95D2-FE69-45FA-83CB-303DEDBC7F52}.Release|Any CPU.Build.0 = Release|Any CPU
		{10AA95D2-FE69-45FA-83CB-303DEDBC7F52}.ReleaseTrial|Any CPU.ActiveCfg = Release|Any CPU
		{10AA95D2-FE69-45FA-83CB-303DEDBC7F52}.ReleaseTrial|Any CPU.Build.0 = Release|Any CPU
		{F0CF1747-C114-48B5-B0BA-D776AA8675A9}.Debug|Any CPU.ActiveCfg = Debug|Any CPU
		{F0CF1747-C114-48B5-B0BA-D776AA8675A9}.Release|Any CPU.ActiveCfg = Release|Any CPU
		{F0CF1747-C114-48B5-B0BA-D776AA8675A9}.ReleaseTrial|Any CPU.ActiveCfg = Release|Any CPU
		{F0CF1747-C114-48B5-B0BA-D776AA8675A9}.ReleaseTrial|Any CPU.Build.0 = Release|Any CPU
		{FF837E3F-9BC9-4FDA-B702-41F4F0DB123F}.Debug|Any CPU.ActiveCfg = Debug|Any CPU
		{FF837E3F-9BC9-4FDA-B702-41F4F0DB123F}.Debug|Any CPU.Build.0 = Debug|Any CPU
		{FF837E3F-9BC9-4FDA-B702-41F4F0DB123F}.Release|Any CPU.ActiveCfg = Release|Any CPU
		{FF837E3F-9BC9-4FDA-B702-41F4F0DB123F}.Release|Any CPU.Build.0 = Release|Any CPU
		{FF837E3F-9BC9-4FDA-B702-41F4F0DB123F}.ReleaseTrial|Any CPU.ActiveCfg = Release|Any CPU
		{FF837E3F-9BC9-4FDA-B702-41F4F0DB123F}.ReleaseTrial|Any CPU.Build.0 = Release|Any CPU
		{0F33D1B9-6A62-414F-AD05-21455CC213D9}.Debug|Any CPU.ActiveCfg = Debug|Any CPU
		{0F33D1B9-6A62-414F-AD05-21455CC213D9}.Release|Any CPU.ActiveCfg = Release|Any CPU
		{0F33D1B9-6A62-414F-AD05-21455CC213D9}.ReleaseTrial|Any CPU.ActiveCfg = Release|Any CPU
		{0F33D1B9-6A62-414F-AD05-21455CC213D9}.ReleaseTrial|Any CPU.Build.0 = Release|Any CPU
		{D1902B8D-CACF-46CA-A33B-BD47E7BA16E4}.Debug|Any CPU.ActiveCfg = Debug|Any CPU
		{D1902B8D-CACF-46CA-A33B-BD47E7BA16E4}.Debug|Any CPU.Build.0 = Debug|Any CPU
		{D1902B8D-CACF-46CA-A33B-BD47E7BA16E4}.Release|Any CPU.ActiveCfg = Release|Any CPU
		{D1902B8D-CACF-46CA-A33B-BD47E7BA16E4}.Release|Any CPU.Build.0 = Release|Any CPU
		{D1902B8D-CACF-46CA-A33B-BD47E7BA16E4}.ReleaseTrial|Any CPU.ActiveCfg = Release|Any CPU
		{D1902B8D-CACF-46CA-A33B-BD47E7BA16E4}.ReleaseTrial|Any CPU.Build.0 = Release|Any CPU
		{55FEC19B-D719-46D4-9EBF-1B84795BDD98}.Debug|Any CPU.ActiveCfg = Debug|Any CPU
		{55FEC19B-D719-46D4-9EBF-1B84795BDD98}.Release|Any CPU.ActiveCfg = Release|Any CPU
		{55FEC19B-D719-46D4-9EBF-1B84795BDD98}.ReleaseTrial|Any CPU.ActiveCfg = Release|Any CPU
		{55FEC19B-D719-46D4-9EBF-1B84795BDD98}.ReleaseTrial|Any CPU.Build.0 = Release|Any CPU
		{BCE0737E-25B4-4A42-BE35-5C966D4E4BFE}.Debug|Any CPU.ActiveCfg = Debug|Any CPU
		{BCE0737E-25B4-4A42-BE35-5C966D4E4BFE}.Debug|Any CPU.Build.0 = Debug|Any CPU
		{BCE0737E-25B4-4A42-BE35-5C966D4E4BFE}.Release|Any CPU.ActiveCfg = Release|Any CPU
		{BCE0737E-25B4-4A42-BE35-5C966D4E4BFE}.Release|Any CPU.Build.0 = Release|Any CPU
		{BCE0737E-25B4-4A42-BE35-5C966D4E4BFE}.ReleaseTrial|Any CPU.ActiveCfg = Release|Any CPU
		{BCE0737E-25B4-4A42-BE35-5C966D4E4BFE}.ReleaseTrial|Any CPU.Build.0 = Release|Any CPU
		{852718ED-93F2-4774-A367-A085D75ACC59}.Debug|Any CPU.ActiveCfg = Debug|Any CPU
		{852718ED-93F2-4774-A367-A085D75ACC59}.Release|Any CPU.ActiveCfg = Release|Any CPU
		{852718ED-93F2-4774-A367-A085D75ACC59}.ReleaseTrial|Any CPU.ActiveCfg = Release|Any CPU
		{852718ED-93F2-4774-A367-A085D75ACC59}.ReleaseTrial|Any CPU.Build.0 = Release|Any CPU
		{273EC0CB-660C-4EA9-80A7-89110B0F6DBB}.Debug|Any CPU.ActiveCfg = Debug|Any CPU
		{273EC0CB-660C-4EA9-80A7-89110B0F6DBB}.Debug|Any CPU.Build.0 = Debug|Any CPU
		{273EC0CB-660C-4EA9-80A7-89110B0F6DBB}.Release|Any CPU.ActiveCfg = Release|Any CPU
		{273EC0CB-660C-4EA9-80A7-89110B0F6DBB}.Release|Any CPU.Build.0 = Release|Any CPU
		{273EC0CB-660C-4EA9-80A7-89110B0F6DBB}.ReleaseTrial|Any CPU.ActiveCfg = Release|Any CPU
		{273EC0CB-660C-4EA9-80A7-89110B0F6DBB}.ReleaseTrial|Any CPU.Build.0 = Release|Any CPU
		{33114224-B72A-4A47-B567-AC479A5D0A37}.Debug|Any CPU.ActiveCfg = Debug|Any CPU
		{33114224-B72A-4A47-B567-AC479A5D0A37}.Release|Any CPU.ActiveCfg = Release|Any CPU
		{33114224-B72A-4A47-B567-AC479A5D0A37}.ReleaseTrial|Any CPU.ActiveCfg = Release|Any CPU
		{33114224-B72A-4A47-B567-AC479A5D0A37}.ReleaseTrial|Any CPU.Build.0 = Release|Any CPU
		{3110E0E2-4AC2-47AC-A874-739715DDD3F1}.Debug|Any CPU.ActiveCfg = Debug|Any CPU
		{3110E0E2-4AC2-47AC-A874-739715DDD3F1}.Release|Any CPU.ActiveCfg = Release|Any CPU
		{3110E0E2-4AC2-47AC-A874-739715DDD3F1}.ReleaseTrial|Any CPU.ActiveCfg = Release|Any CPU
		{3110E0E2-4AC2-47AC-A874-739715DDD3F1}.ReleaseTrial|Any CPU.Build.0 = Release|Any CPU
		{2CE195F6-B047-42BA-AA83-F9AC0C737E41}.Debug|Any CPU.ActiveCfg = Debug|Any CPU
		{2CE195F6-B047-42BA-AA83-F9AC0C737E41}.Debug|Any CPU.Build.0 = Debug|Any CPU
		{2CE195F6-B047-42BA-AA83-F9AC0C737E41}.Release|Any CPU.ActiveCfg = Release|Any CPU
		{2CE195F6-B047-42BA-AA83-F9AC0C737E41}.Release|Any CPU.Build.0 = Release|Any CPU
		{2CE195F6-B047-42BA-AA83-F9AC0C737E41}.ReleaseTrial|Any CPU.ActiveCfg = Release|Any CPU
		{2CE195F6-B047-42BA-AA83-F9AC0C737E41}.ReleaseTrial|Any CPU.Build.0 = Release|Any CPU
		{11426855-0140-4BE4-B3B7-A84B2E612568}.Debug|Any CPU.ActiveCfg = Debug|Any CPU
		{11426855-0140-4BE4-B3B7-A84B2E612568}.Debug|Any CPU.Build.0 = Debug|Any CPU
		{11426855-0140-4BE4-B3B7-A84B2E612568}.Release|Any CPU.ActiveCfg = Release|Any CPU
		{11426855-0140-4BE4-B3B7-A84B2E612568}.Release|Any CPU.Build.0 = Release|Any CPU
		{11426855-0140-4BE4-B3B7-A84B2E612568}.ReleaseTrial|Any CPU.ActiveCfg = Release|Any CPU
		{11426855-0140-4BE4-B3B7-A84B2E612568}.ReleaseTrial|Any CPU.Build.0 = Release|Any CPU
		{67D3F49C-0834-4A5D-A790-85C6D3F5F57D}.Debug|Any CPU.ActiveCfg = Debug|Any CPU
		{67D3F49C-0834-4A5D-A790-85C6D3F5F57D}.Release|Any CPU.ActiveCfg = Release|Any CPU
		{67D3F49C-0834-4A5D-A790-85C6D3F5F57D}.ReleaseTrial|Any CPU.ActiveCfg = Release|Any CPU
		{67D3F49C-0834-4A5D-A790-85C6D3F5F57D}.ReleaseTrial|Any CPU.Build.0 = Release|Any CPU
		{E64A5916-1736-4BEE-BE23-553CE6C48D3F}.Debug|Any CPU.ActiveCfg = Debug|Any CPU
		{E64A5916-1736-4BEE-BE23-553CE6C48D3F}.Debug|Any CPU.Build.0 = Debug|Any CPU
		{E64A5916-1736-4BEE-BE23-553CE6C48D3F}.Release|Any CPU.ActiveCfg = Release|Any CPU
		{E64A5916-1736-4BEE-BE23-553CE6C48D3F}.Release|Any CPU.Build.0 = Release|Any CPU
		{E64A5916-1736-4BEE-BE23-553CE6C48D3F}.ReleaseTrial|Any CPU.ActiveCfg = Release|Any CPU
		{E64A5916-1736-4BEE-BE23-553CE6C48D3F}.ReleaseTrial|Any CPU.Build.0 = Release|Any CPU
		{08CF8608-BB0C-4D93-9031-7493AF78BC9E}.Debug|Any CPU.ActiveCfg = Debug|Any CPU
		{08CF8608-BB0C-4D93-9031-7493AF78BC9E}.Debug|Any CPU.Build.0 = Debug|Any CPU
		{08CF8608-BB0C-4D93-9031-7493AF78BC9E}.Release|Any CPU.ActiveCfg = Release|Any CPU
		{08CF8608-BB0C-4D93-9031-7493AF78BC9E}.Release|Any CPU.Build.0 = Release|Any CPU
		{08CF8608-BB0C-4D93-9031-7493AF78BC9E}.ReleaseTrial|Any CPU.ActiveCfg = Release|Any CPU
		{08CF8608-BB0C-4D93-9031-7493AF78BC9E}.ReleaseTrial|Any CPU.Build.0 = Release|Any CPU
		{B882FC58-A1C7-412D-A0CD-68FF7FDC7010}.Debug|Any CPU.ActiveCfg = Debug|Any CPU
		{B882FC58-A1C7-412D-A0CD-68FF7FDC7010}.Release|Any CPU.ActiveCfg = Release|Any CPU
		{B882FC58-A1C7-412D-A0CD-68FF7FDC7010}.ReleaseTrial|Any CPU.ActiveCfg = Release|Any CPU
		{B882FC58-A1C7-412D-A0CD-68FF7FDC7010}.ReleaseTrial|Any CPU.Build.0 = Release|Any CPU
		{484B7609-6261-4125-9132-470F3BB84495}.Debug|Any CPU.ActiveCfg = Debug|Any CPU
		{484B7609-6261-4125-9132-470F3BB84495}.Debug|Any CPU.Build.0 = Debug|Any CPU
		{484B7609-6261-4125-9132-470F3BB84495}.Release|Any CPU.ActiveCfg = Release|Any CPU
		{484B7609-6261-4125-9132-470F3BB84495}.Release|Any CPU.Build.0 = Release|Any CPU
		{484B7609-6261-4125-9132-470F3BB84495}.ReleaseTrial|Any CPU.ActiveCfg = Release|Any CPU
		{484B7609-6261-4125-9132-470F3BB84495}.ReleaseTrial|Any CPU.Build.0 = Release|Any CPU
		{D16F3B7C-5279-46E2-B5CB-D66A47D4275A}.Debug|Any CPU.ActiveCfg = Debug|Any CPU
		{D16F3B7C-5279-46E2-B5CB-D66A47D4275A}.Release|Any CPU.ActiveCfg = Release|Any CPU
		{D16F3B7C-5279-46E2-B5CB-D66A47D4275A}.ReleaseTrial|Any CPU.ActiveCfg = Release|Any CPU
		{D16F3B7C-5279-46E2-B5CB-D66A47D4275A}.ReleaseTrial|Any CPU.Build.0 = Release|Any CPU
		{92CC735B-2A23-4616-8AFE-7425A52742E0}.Debug|Any CPU.ActiveCfg = Debug|Any CPU
		{92CC735B-2A23-4616-8AFE-7425A52742E0}.Debug|Any CPU.Build.0 = Debug|Any CPU
		{92CC735B-2A23-4616-8AFE-7425A52742E0}.Release|Any CPU.ActiveCfg = Release|Any CPU
		{92CC735B-2A23-4616-8AFE-7425A52742E0}.Release|Any CPU.Build.0 = Release|Any CPU
		{92CC735B-2A23-4616-8AFE-7425A52742E0}.ReleaseTrial|Any CPU.ActiveCfg = Release|Any CPU
		{92CC735B-2A23-4616-8AFE-7425A52742E0}.ReleaseTrial|Any CPU.Build.0 = Release|Any CPU
		{BC5981D5-8062-405F-AC84-A8C1E3332EA8}.Debug|Any CPU.ActiveCfg = Debug|Any CPU
		{BC5981D5-8062-405F-AC84-A8C1E3332EA8}.Release|Any CPU.ActiveCfg = Release|Any CPU
		{BC5981D5-8062-405F-AC84-A8C1E3332EA8}.ReleaseTrial|Any CPU.ActiveCfg = Release|Any CPU
		{BC5981D5-8062-405F-AC84-A8C1E3332EA8}.ReleaseTrial|Any CPU.Build.0 = Release|Any CPU
		{EC5B4AE0-79D7-4797-8221-49D375E18341}.Debug|Any CPU.ActiveCfg = Debug|Any CPU
		{EC5B4AE0-79D7-4797-8221-49D375E18341}.Debug|Any CPU.Build.0 = Debug|Any CPU
		{EC5B4AE0-79D7-4797-8221-49D375E18341}.Release|Any CPU.ActiveCfg = Release|Any CPU
		{EC5B4AE0-79D7-4797-8221-49D375E18341}.Release|Any CPU.Build.0 = Release|Any CPU
		{EC5B4AE0-79D7-4797-8221-49D375E18341}.ReleaseTrial|Any CPU.ActiveCfg = Release|Any CPU
		{EC5B4AE0-79D7-4797-8221-49D375E18341}.ReleaseTrial|Any CPU.Build.0 = Release|Any CPU
		{3F45B49A-F9FE-4815-943D-A1F821A72BDB}.Debug|Any CPU.ActiveCfg = Debug|Any CPU
		{3F45B49A-F9FE-4815-943D-A1F821A72BDB}.Release|Any CPU.ActiveCfg = Release|Any CPU
		{3F45B49A-F9FE-4815-943D-A1F821A72BDB}.ReleaseTrial|Any CPU.ActiveCfg = Release|Any CPU
		{3F45B49A-F9FE-4815-943D-A1F821A72BDB}.ReleaseTrial|Any CPU.Build.0 = Release|Any CPU
		{C7C5B32B-D8E1-425D-80A2-8BFD669095A2}.Debug|Any CPU.ActiveCfg = Debug|Any CPU
		{C7C5B32B-D8E1-425D-80A2-8BFD669095A2}.Release|Any CPU.ActiveCfg = Release|Any CPU
		{C7C5B32B-D8E1-425D-80A2-8BFD669095A2}.ReleaseTrial|Any CPU.ActiveCfg = Release|Any CPU
		{C7C5B32B-D8E1-425D-80A2-8BFD669095A2}.ReleaseTrial|Any CPU.Build.0 = Release|Any CPU
		{83A604A7-7379-48A5-BF77-E8BF8715EB91}.Debug|Any CPU.ActiveCfg = Debug|Any CPU
		{83A604A7-7379-48A5-BF77-E8BF8715EB91}.Debug|Any CPU.Build.0 = Debug|Any CPU
		{83A604A7-7379-48A5-BF77-E8BF8715EB91}.Release|Any CPU.ActiveCfg = Release|Any CPU
		{83A604A7-7379-48A5-BF77-E8BF8715EB91}.Release|Any CPU.Build.0 = Release|Any CPU
		{83A604A7-7379-48A5-BF77-E8BF8715EB91}.ReleaseTrial|Any CPU.ActiveCfg = Release|Any CPU
		{83A604A7-7379-48A5-BF77-E8BF8715EB91}.ReleaseTrial|Any CPU.Build.0 = Release|Any CPU
		{2A620A7C-AAD2-4B42-87BA-F0A2474B89D6}.Debug|Any CPU.ActiveCfg = Debug
		{2A620A7C-AAD2-4B42-87BA-F0A2474B89D6}.Release|Any CPU.ActiveCfg = Release
		{2A620A7C-AAD2-4B42-87BA-F0A2474B89D6}.Release|Any CPU.Build.0 = Release
		{2A620A7C-AAD2-4B42-87BA-F0A2474B89D6}.ReleaseTrial|Any CPU.ActiveCfg = Release
		{A56CB0C0-5175-4A26-BE3E-D386541BF459}.Debug|Any CPU.ActiveCfg = Debug|Any CPU
		{A56CB0C0-5175-4A26-BE3E-D386541BF459}.Release|Any CPU.ActiveCfg = Release|Any CPU
		{A56CB0C0-5175-4A26-BE3E-D386541BF459}.Release|Any CPU.Build.0 = Release|Any CPU
		{A56CB0C0-5175-4A26-BE3E-D386541BF459}.ReleaseTrial|Any CPU.ActiveCfg = Release|Any CPU
		{A56CB0C0-5175-4A26-BE3E-D386541BF459}.ReleaseTrial|Any CPU.Build.0 = Release|Any CPU
		{FB1BA753-81DD-4582-9C6D-448EDBCAC3B6}.Debug|Any CPU.ActiveCfg = Debug|Any CPU
		{FB1BA753-81DD-4582-9C6D-448EDBCAC3B6}.Release|Any CPU.ActiveCfg = Release|Any CPU
		{FB1BA753-81DD-4582-9C6D-448EDBCAC3B6}.Release|Any CPU.Build.0 = Release|Any CPU
		{FB1BA753-81DD-4582-9C6D-448EDBCAC3B6}.ReleaseTrial|Any CPU.ActiveCfg = Release|Any CPU
		{FB1BA753-81DD-4582-9C6D-448EDBCAC3B6}.ReleaseTrial|Any CPU.Build.0 = Release|Any CPU
		{E8605236-8D53-4AF5-921C-E0818B867812}.Debug|Any CPU.ActiveCfg = Debug|Any CPU
		{E8605236-8D53-4AF5-921C-E0818B867812}.Debug|Any CPU.Build.0 = Debug|Any CPU
		{E8605236-8D53-4AF5-921C-E0818B867812}.Release|Any CPU.ActiveCfg = Release|Any CPU
		{E8605236-8D53-4AF5-921C-E0818B867812}.Release|Any CPU.Build.0 = Release|Any CPU
		{E8605236-8D53-4AF5-921C-E0818B867812}.ReleaseTrial|Any CPU.ActiveCfg = Release|Any CPU
		{E8605236-8D53-4AF5-921C-E0818B867812}.ReleaseTrial|Any CPU.Build.0 = Release|Any CPU
		{924C4F21-861C-4923-820E-F7E651E93F9E}.Debug|Any CPU.ActiveCfg = Debug|Any CPU
		{924C4F21-861C-4923-820E-F7E651E93F9E}.Debug|Any CPU.Build.0 = Debug|Any CPU
		{924C4F21-861C-4923-820E-F7E651E93F9E}.Release|Any CPU.ActiveCfg = Release|Any CPU
		{924C4F21-861C-4923-820E-F7E651E93F9E}.Release|Any CPU.Build.0 = Release|Any CPU
		{924C4F21-861C-4923-820E-F7E651E93F9E}.ReleaseTrial|Any CPU.ActiveCfg = Release|Any CPU
		{924C4F21-861C-4923-820E-F7E651E93F9E}.ReleaseTrial|Any CPU.Build.0 = Release|Any CPU
	EndGlobalSection
	GlobalSection(SolutionProperties) = preSolution
		HideSolutionNode = FALSE
	EndGlobalSection
	GlobalSection(NestedProjects) = preSolution
		{FF2704D3-3B9F-41A3-A86F-E32C5900CD25} = {D88496A8-597C-4383-808B-6DFA83DF1832}
		{AA6791F0-2989-4626-8981-F8935F6D501E} = {D88496A8-597C-4383-808B-6DFA83DF1832}
		{0A8F9AA8-7336-4DA1-8C98-D91A6730AA0E} = {D88496A8-597C-4383-808B-6DFA83DF1832}
		{3487B9D4-AFAB-4E82-A0F6-2BEE3C013BBB} = {D88496A8-597C-4383-808B-6DFA83DF1832}
		{2A620A7C-AAD2-4B42-87BA-F0A2474B89D6} = {D88496A8-597C-4383-808B-6DFA83DF1832}
		{A56CB0C0-5175-4A26-BE3E-D386541BF459} = {D88496A8-597C-4383-808B-6DFA83DF1832}
		{FB1BA753-81DD-4582-9C6D-448EDBCAC3B6} = {D88496A8-597C-4383-808B-6DFA83DF1832}
		{51B1879C-B50F-444E-BCB6-2A103C24E4ED} = {FF2704D3-3B9F-41A3-A86F-E32C5900CD25}
		{4B06AAD7-105D-4A80-8CD7-C2490C77009C} = {FF2704D3-3B9F-41A3-A86F-E32C5900CD25}
		{F0CF1747-C114-48B5-B0BA-D776AA8675A9} = {FF2704D3-3B9F-41A3-A86F-E32C5900CD25}
		{0F33D1B9-6A62-414F-AD05-21455CC213D9} = {FF2704D3-3B9F-41A3-A86F-E32C5900CD25}
		{55FEC19B-D719-46D4-9EBF-1B84795BDD98} = {FF2704D3-3B9F-41A3-A86F-E32C5900CD25}
		{852718ED-93F2-4774-A367-A085D75ACC59} = {FF2704D3-3B9F-41A3-A86F-E32C5900CD25}
		{33114224-B72A-4A47-B567-AC479A5D0A37} = {FF2704D3-3B9F-41A3-A86F-E32C5900CD25}
		{3110E0E2-4AC2-47AC-A874-739715DDD3F1} = {FF2704D3-3B9F-41A3-A86F-E32C5900CD25}
		{67D3F49C-0834-4A5D-A790-85C6D3F5F57D} = {FF2704D3-3B9F-41A3-A86F-E32C5900CD25}
		{B882FC58-A1C7-412D-A0CD-68FF7FDC7010} = {FF2704D3-3B9F-41A3-A86F-E32C5900CD25}
		{D16F3B7C-5279-46E2-B5CB-D66A47D4275A} = {FF2704D3-3B9F-41A3-A86F-E32C5900CD25}
		{BC5981D5-8062-405F-AC84-A8C1E3332EA8} = {FF2704D3-3B9F-41A3-A86F-E32C5900CD25}
		{3F45B49A-F9FE-4815-943D-A1F821A72BDB} = {FF2704D3-3B9F-41A3-A86F-E32C5900CD25}
		{C7C5B32B-D8E1-425D-80A2-8BFD669095A2} = {FF2704D3-3B9F-41A3-A86F-E32C5900CD25}
		{0A123C1B-F316-447D-99A5-44CCF8023683} = {AA6791F0-2989-4626-8981-F8935F6D501E}
		{505B10AF-39D1-40EE-A91E-2B2A0D5A8294} = {0A8F9AA8-7336-4DA1-8C98-D91A6730AA0E}
		{10AA95D2-FE69-45FA-83CB-303DEDBC7F52} = {0A8F9AA8-7336-4DA1-8C98-D91A6730AA0E}
		{FF837E3F-9BC9-4FDA-B702-41F4F0DB123F} = {0A8F9AA8-7336-4DA1-8C98-D91A6730AA0E}
		{D1902B8D-CACF-46CA-A33B-BD47E7BA16E4} = {0A8F9AA8-7336-4DA1-8C98-D91A6730AA0E}
		{BCE0737E-25B4-4A42-BE35-5C966D4E4BFE} = {0A8F9AA8-7336-4DA1-8C98-D91A6730AA0E}
		{273EC0CB-660C-4EA9-80A7-89110B0F6DBB} = {0A8F9AA8-7336-4DA1-8C98-D91A6730AA0E}
		{2CE195F6-B047-42BA-AA83-F9AC0C737E41} = {0A8F9AA8-7336-4DA1-8C98-D91A6730AA0E}
		{11426855-0140-4BE4-B3B7-A84B2E612568} = {0A8F9AA8-7336-4DA1-8C98-D91A6730AA0E}
		{E64A5916-1736-4BEE-BE23-553CE6C48D3F} = {0A8F9AA8-7336-4DA1-8C98-D91A6730AA0E}
		{08CF8608-BB0C-4D93-9031-7493AF78BC9E} = {0A8F9AA8-7336-4DA1-8C98-D91A6730AA0E}
		{484B7609-6261-4125-9132-470F3BB84495} = {0A8F9AA8-7336-4DA1-8C98-D91A6730AA0E}
		{92CC735B-2A23-4616-8AFE-7425A52742E0} = {0A8F9AA8-7336-4DA1-8C98-D91A6730AA0E}
		{EC5B4AE0-79D7-4797-8221-49D375E18341} = {0A8F9AA8-7336-4DA1-8C98-D91A6730AA0E}
		{83A604A7-7379-48A5-BF77-E8BF8715EB91} = {0A8F9AA8-7336-4DA1-8C98-D91A6730AA0E}
		{E8605236-8D53-4AF5-921C-E0818B867812} = {0A8F9AA8-7336-4DA1-8C98-D91A6730AA0E}
		{924C4F21-861C-4923-820E-F7E651E93F9E} = {0A8F9AA8-7336-4DA1-8C98-D91A6730AA0E}
	EndGlobalSection
EndGlobal
